
Microsoft Visual Studio Solution File, Format Version 12.00
# Visual Studio Version 16
VisualStudioVersion = 16.0.31112.23
MinimumVisualStudioVersion = 10.0.40219.1
Project("{FAE04EC0-301F-11D3-BF4B-00C04F79EFBC}") = "CSharp.WebApplication", "CSharp.WebApplication\CSharp.WebApplication.csproj", "{702B5C91-1E5B-47DA-B7D3-9ADC86C97554}"
EndProject
Project("{2150E333-8FDC-42A3-9474-1A3956D46DE8}") = "Solution Items", "Solution Items", "{52F34C6C-C6EF-47D7-859B-65CDB0E3686D}"
	ProjectSection(SolutionItems) = preProject
		README.md = README.md
	EndProjectSection
EndProject
Global
	GlobalSection(SolutionConfigurationPlatforms) = preSolution
		Debug|Any CPU = Debug|Any CPU
		Release|Any CPU = Release|Any CPU
	EndGlobalSection
	GlobalSection(ProjectConfigurationPlatforms) = postSolution
		{702B5C91-1E5B-47DA-B7D3-9ADC86C97554}.Debug|Any CPU.ActiveCfg = Debug|Any CPU
		{702B5C91-1E5B-47DA-B7D3-9ADC86C97554}.Debug|Any CPU.Build.0 = Debug|Any CPU
		{702B5C91-1E5B-47DA-B7D3-9ADC86C97554}.Release|Any CPU.ActiveCfg = Release|Any CPU
		{702B5C91-1E5B-47DA-B7D3-9ADC86C97554}.Release|Any CPU.Build.0 = Release|Any CPU
	EndGlobalSection
	GlobalSection(SolutionProperties) = preSolution
		HideSolutionNode = FALSE
	EndGlobalSection
	GlobalSection(ExtensibilityGlobals) = postSolution
		SolutionGuid = {2743712F-AB96-482D-B90C-71D69DED8A31}
	EndGlobalSection
EndGlobal
