
Microsoft Visual Studio Solution File, Format Version 12.00
# Visual Studio Version 17
VisualStudioVersion = 17.4.33122.133
MinimumVisualStudioVersion = 10.0.40219.1
Project("{FAE04EC0-301F-11D3-BF4B-00C04F79EFBC}") = "LoggingWithSerilog", "LoggingWithSerilog\LoggingWithSerilog.csproj", "{72B83D11-5119-4583-886A-DB5987754C84}"
EndProject
Global
	GlobalSection(SolutionConfigurationPlatforms) = preSolution
		Debug|Any CPU = Debug|Any CPU
		Release|Any CPU = Release|Any CPU
	EndGlobalSection
	GlobalSection(ProjectConfigurationPlatforms) = postSolution
		{72B83D11-5119-4583-886A-DB5987754C84}.Debug|Any CPU.ActiveCfg = Debug|Any CPU
		{72B83D11-5119-4583-886A-DB5987754C84}.Debug|Any CPU.Build.0 = Debug|Any CPU
		{72B83D11-5119-4583-886A-DB5987754C84}.Release|Any CPU.ActiveCfg = Release|Any CPU
		{72B83D11-5119-4583-886A-DB5987754C84}.Release|Any CPU.Build.0 = Release|Any CPU
	EndGlobalSection
	GlobalSection(SolutionProperties) = preSolution
		HideSolutionNode = FALSE
	EndGlobalSection
	GlobalSection(ExtensibilityGlobals) = postSolution
		SolutionGuid = {B7E9C054-CE02-476C-AB3C-179150987EAF}
	EndGlobalSection
EndGlobal
