
Microsoft Visual Studio Solution File, Format Version 12.00
# Visual Studio Version 17
VisualStudioVersion = 17.4.33122.133
MinimumVisualStudioVersion = 10.0.40219.1
Project("{FAE04EC0-301F-11D3-BF4B-00C04F79EFBC}") = "CachingExample", "CachingExample\CachingExample.csproj", "{FB15A2EC-86B9-499E-BFA9-4D95CE5024C3}"
EndProject
Project("{FAE04EC0-301F-11D3-BF4B-00C04F79EFBC}") = "DataAccessLibrary", "DataAccessLibrary\DataAccessLibrary.csproj", "{A79AF3BA-BF07-4BA4-A702-2239B56AF936}"
EndProject
Global
	GlobalSection(SolutionConfigurationPlatforms) = preSolution
		Debug|Any CPU = Debug|Any CPU
		Release|Any CPU = Release|Any CPU
	EndGlobalSection
	GlobalSection(ProjectConfigurationPlatforms) = postSolution
		{FB15A2EC-86B9-499E-BFA9-4D95CE5024C3}.Debug|Any CPU.ActiveCfg = Debug|Any CPU
		{FB15A2EC-86B9-499E-BFA9-4D95CE5024C3}.Debug|Any CPU.Build.0 = Debug|Any CPU
		{FB15A2EC-86B9-499E-BFA9-4D95CE5024C3}.Release|Any CPU.ActiveCfg = Release|Any CPU
		{FB15A2EC-86B9-499E-BFA9-4D95CE5024C3}.Release|Any CPU.Build.0 = Release|Any CPU
		{A79AF3BA-BF07-4BA4-A702-2239B56AF936}.Debug|Any CPU.ActiveCfg = Debug|Any CPU
		{A79AF3BA-BF07-4BA4-A702-2239B56AF936}.Debug|Any CPU.Build.0 = Debug|Any CPU
		{A79AF3BA-BF07-4BA4-A702-2239B56AF936}.Release|Any CPU.ActiveCfg = Release|Any CPU
		{A79AF3BA-BF07-4BA4-A702-2239B56AF936}.Release|Any CPU.Build.0 = Release|Any CPU
	EndGlobalSection
	GlobalSection(SolutionProperties) = preSolution
		HideSolutionNode = FALSE
	EndGlobalSection
	GlobalSection(ExtensibilityGlobals) = postSolution
		SolutionGuid = {F2501BD6-1E6D-4EE2-A660-A396BFCC0EF6}
	EndGlobalSection
EndGlobal
